
Microsoft Visual Studio Solution File, Format Version 12.00
# Visual Studio Version 17
VisualStudioVersion = 17.7.34031.279
MinimumVisualStudioVersion = 10.0.40219.1
Project("{FAE04EC0-301F-11D3-BF4B-00C04F79EFBC}") = "NumerosNegativosDaMatriz", "NumerosNegativosDaMatriz.csproj", "{FD90579E-A404-4D69-80AE-679722128FDB}"
EndProject
Global
	GlobalSection(SolutionConfigurationPlatforms) = preSolution
		Debug|Any CPU = Debug|Any CPU
		Release|Any CPU = Release|Any CPU
	EndGlobalSection
	GlobalSection(ProjectConfigurationPlatforms) = postSolution
		{FD90579E-A404-4D69-80AE-679722128FDB}.Debug|Any CPU.ActiveCfg = Debug|Any CPU
		{FD90579E-A404-4D69-80AE-679722128FDB}.Debug|Any CPU.Build.0 = Debug|Any CPU
		{FD90579E-A404-4D69-80AE-679722128FDB}.Release|Any CPU.ActiveCfg = Release|Any CPU
		{FD90579E-A404-4D69-80AE-679722128FDB}.Release|Any CPU.Build.0 = Release|Any CPU
	EndGlobalSection
	GlobalSection(SolutionProperties) = preSolution
		HideSolutionNode = FALSE
	EndGlobalSection
	GlobalSection(ExtensibilityGlobals) = postSolution
		SolutionGuid = {E0D2572D-50E1-4BC2-A5F3-E4DC995E0C23}
	EndGlobalSection
EndGlobal
