
Microsoft Visual Studio Solution File, Format Version 12.00
# Visual Studio Version 17
VisualStudioVersion = 17.7.34031.279
MinimumVisualStudioVersion = 10.0.40219.1
Project("{FAE04EC0-301F-11D3-BF4B-00C04F79EFBC}") = "SequenciaLogica2", "SequenciaLogica2.csproj", "{FEC51EA9-CD6F-4E81-AAB4-92597BA2A8AD}"
EndProject
Global
	GlobalSection(SolutionConfigurationPlatforms) = preSolution
		Debug|Any CPU = Debug|Any CPU
		Release|Any CPU = Release|Any CPU
	EndGlobalSection
	GlobalSection(ProjectConfigurationPlatforms) = postSolution
		{FEC51EA9-CD6F-4E81-AAB4-92597BA2A8AD}.Debug|Any CPU.ActiveCfg = Debug|Any CPU
		{FEC51EA9-CD6F-4E81-AAB4-92597BA2A8AD}.Debug|Any CPU.Build.0 = Debug|Any CPU
		{FEC51EA9-CD6F-4E81-AAB4-92597BA2A8AD}.Release|Any CPU.ActiveCfg = Release|Any CPU
		{FEC51EA9-CD6F-4E81-AAB4-92597BA2A8AD}.Release|Any CPU.Build.0 = Release|Any CPU
	EndGlobalSection
	GlobalSection(SolutionProperties) = preSolution
		HideSolutionNode = FALSE
	EndGlobalSection
	GlobalSection(ExtensibilityGlobals) = postSolution
		SolutionGuid = {F109DD68-1F04-43C5-9F46-F31DCA89229F}
	EndGlobalSection
EndGlobal
