
Microsoft Visual Studio Solution File, Format Version 12.00
# Visual Studio Version 17
VisualStudioVersion = 17.7.34024.191
MinimumVisualStudioVersion = 10.0.40219.1
Project("{FAE04EC0-301F-11D3-BF4B-00C04F79EFBC}") = "Diferenca", "Diferenca.csproj", "{BBBB5DD3-DBB1-443F-8E12-52641B50DA4E}"
EndProject
Global
	GlobalSection(SolutionConfigurationPlatforms) = preSolution
		Debug|Any CPU = Debug|Any CPU
		Release|Any CPU = Release|Any CPU
	EndGlobalSection
	GlobalSection(ProjectConfigurationPlatforms) = postSolution
		{BBBB5DD3-DBB1-443F-8E12-52641B50DA4E}.Debug|Any CPU.ActiveCfg = Debug|Any CPU
		{BBBB5DD3-DBB1-443F-8E12-52641B50DA4E}.Debug|Any CPU.Build.0 = Debug|Any CPU
		{BBBB5DD3-DBB1-443F-8E12-52641B50DA4E}.Release|Any CPU.ActiveCfg = Release|Any CPU
		{BBBB5DD3-DBB1-443F-8E12-52641B50DA4E}.Release|Any CPU.Build.0 = Release|Any CPU
	EndGlobalSection
	GlobalSection(SolutionProperties) = preSolution
		HideSolutionNode = FALSE
	EndGlobalSection
	GlobalSection(ExtensibilityGlobals) = postSolution
		SolutionGuid = {F6E85272-2BF9-44B5-A016-E21972B8025E}
	EndGlobalSection
EndGlobal
