
Microsoft Visual Studio Solution File, Format Version 12.00
# Visual Studio Version 17
VisualStudioVersion = 17.7.34031.279
MinimumVisualStudioVersion = 10.0.40219.1
Project("{FAE04EC0-301F-11D3-BF4B-00C04F79EFBC}") = "ImpostoDeRenda", "ImpostoDeRenda.csproj", "{B8D5B5D5-4547-493B-88E9-8CF29089688B}"
EndProject
Global
	GlobalSection(SolutionConfigurationPlatforms) = preSolution
		Debug|Any CPU = Debug|Any CPU
		Release|Any CPU = Release|Any CPU
	EndGlobalSection
	GlobalSection(ProjectConfigurationPlatforms) = postSolution
		{B8D5B5D5-4547-493B-88E9-8CF29089688B}.Debug|Any CPU.ActiveCfg = Debug|Any CPU
		{B8D5B5D5-4547-493B-88E9-8CF29089688B}.Debug|Any CPU.Build.0 = Debug|Any CPU
		{B8D5B5D5-4547-493B-88E9-8CF29089688B}.Release|Any CPU.ActiveCfg = Release|Any CPU
		{B8D5B5D5-4547-493B-88E9-8CF29089688B}.Release|Any CPU.Build.0 = Release|Any CPU
	EndGlobalSection
	GlobalSection(SolutionProperties) = preSolution
		HideSolutionNode = FALSE
	EndGlobalSection
	GlobalSection(ExtensibilityGlobals) = postSolution
		SolutionGuid = {E9869321-0342-40E8-AA7C-6215D1281B2F}
	EndGlobalSection
EndGlobal
