
Microsoft Visual Studio Solution File, Format Version 12.00
# Visual Studio Version 17
VisualStudioVersion = 17.7.34024.191
MinimumVisualStudioVersion = 10.0.40219.1
Project("{FAE04EC0-301F-11D3-BF4B-00C04F79EFBC}") = "ConversaoDeTempo", "ConversaoDeTempo.csproj", "{268E2CBC-8D7C-4FD3-9307-02A9493BB69F}"
EndProject
Global
	GlobalSection(SolutionConfigurationPlatforms) = preSolution
		Debug|Any CPU = Debug|Any CPU
		Release|Any CPU = Release|Any CPU
	EndGlobalSection
	GlobalSection(ProjectConfigurationPlatforms) = postSolution
		{268E2CBC-8D7C-4FD3-9307-02A9493BB69F}.Debug|Any CPU.ActiveCfg = Debug|Any CPU
		{268E2CBC-8D7C-4FD3-9307-02A9493BB69F}.Debug|Any CPU.Build.0 = Debug|Any CPU
		{268E2CBC-8D7C-4FD3-9307-02A9493BB69F}.Release|Any CPU.ActiveCfg = Release|Any CPU
		{268E2CBC-8D7C-4FD3-9307-02A9493BB69F}.Release|Any CPU.Build.0 = Release|Any CPU
	EndGlobalSection
	GlobalSection(SolutionProperties) = preSolution
		HideSolutionNode = FALSE
	EndGlobalSection
	GlobalSection(ExtensibilityGlobals) = postSolution
		SolutionGuid = {9FABC2A8-1440-4D5A-8D6D-0675793C8B3D}
	EndGlobalSection
EndGlobal
