
Microsoft Visual Studio Solution File, Format Version 12.00
# Visual Studio Version 17
VisualStudioVersion = 17.7.34024.191
MinimumVisualStudioVersion = 10.0.40219.1
Project("{FAE04EC0-301F-11D3-BF4B-00C04F79EFBC}") = "SalarioComBonus", "SalarioComBonus.csproj", "{F7238F60-8E3C-43AE-B82D-8B170EF6030E}"
EndProject
Global
	GlobalSection(SolutionConfigurationPlatforms) = preSolution
		Debug|Any CPU = Debug|Any CPU
		Release|Any CPU = Release|Any CPU
	EndGlobalSection
	GlobalSection(ProjectConfigurationPlatforms) = postSolution
		{F7238F60-8E3C-43AE-B82D-8B170EF6030E}.Debug|Any CPU.ActiveCfg = Debug|Any CPU
		{F7238F60-8E3C-43AE-B82D-8B170EF6030E}.Debug|Any CPU.Build.0 = Debug|Any CPU
		{F7238F60-8E3C-43AE-B82D-8B170EF6030E}.Release|Any CPU.ActiveCfg = Release|Any CPU
		{F7238F60-8E3C-43AE-B82D-8B170EF6030E}.Release|Any CPU.Build.0 = Release|Any CPU
	EndGlobalSection
	GlobalSection(SolutionProperties) = preSolution
		HideSolutionNode = FALSE
	EndGlobalSection
	GlobalSection(ExtensibilityGlobals) = postSolution
		SolutionGuid = {87AB63CE-0688-462D-8E96-DA848F1B23F3}
	EndGlobalSection
EndGlobal
