
Microsoft Visual Studio Solution File, Format Version 12.00
# Visual Studio Version 17
VisualStudioVersion = 17.7.34031.279
MinimumVisualStudioVersion = 10.0.40219.1
Project("{FAE04EC0-301F-11D3-BF4B-00C04F79EFBC}") = "NumerosPositivos", "NumerosPositivos.csproj", "{DDC3DD1E-CAEF-4366-92DB-02345A8A2237}"
EndProject
Global
	GlobalSection(SolutionConfigurationPlatforms) = preSolution
		Debug|Any CPU = Debug|Any CPU
		Release|Any CPU = Release|Any CPU
	EndGlobalSection
	GlobalSection(ProjectConfigurationPlatforms) = postSolution
		{DDC3DD1E-CAEF-4366-92DB-02345A8A2237}.Debug|Any CPU.ActiveCfg = Debug|Any CPU
		{DDC3DD1E-CAEF-4366-92DB-02345A8A2237}.Debug|Any CPU.Build.0 = Debug|Any CPU
		{DDC3DD1E-CAEF-4366-92DB-02345A8A2237}.Release|Any CPU.ActiveCfg = Release|Any CPU
		{DDC3DD1E-CAEF-4366-92DB-02345A8A2237}.Release|Any CPU.Build.0 = Release|Any CPU
	EndGlobalSection
	GlobalSection(SolutionProperties) = preSolution
		HideSolutionNode = FALSE
	EndGlobalSection
	GlobalSection(ExtensibilityGlobals) = postSolution
		SolutionGuid = {159AEE81-345B-4E64-9BC7-6BBD3BA4C380}
	EndGlobalSection
EndGlobal
