
Microsoft Visual Studio Solution File, Format Version 12.00
# Visual Studio Version 17
VisualStudioVersion = 17.7.34031.279
MinimumVisualStudioVersion = 10.0.40219.1
Project("{FAE04EC0-301F-11D3-BF4B-00C04F79EFBC}") = "Media3", "Media3.csproj", "{D304518C-E6F1-42F3-B7A9-43C83F5FC59A}"
EndProject
Global
	GlobalSection(SolutionConfigurationPlatforms) = preSolution
		Debug|Any CPU = Debug|Any CPU
		Release|Any CPU = Release|Any CPU
	EndGlobalSection
	GlobalSection(ProjectConfigurationPlatforms) = postSolution
		{D304518C-E6F1-42F3-B7A9-43C83F5FC59A}.Debug|Any CPU.ActiveCfg = Debug|Any CPU
		{D304518C-E6F1-42F3-B7A9-43C83F5FC59A}.Debug|Any CPU.Build.0 = Debug|Any CPU
		{D304518C-E6F1-42F3-B7A9-43C83F5FC59A}.Release|Any CPU.ActiveCfg = Release|Any CPU
		{D304518C-E6F1-42F3-B7A9-43C83F5FC59A}.Release|Any CPU.Build.0 = Release|Any CPU
	EndGlobalSection
	GlobalSection(SolutionProperties) = preSolution
		HideSolutionNode = FALSE
	EndGlobalSection
	GlobalSection(ExtensibilityGlobals) = postSolution
		SolutionGuid = {95BEFC42-0203-45E7-A687-88C2D9C1A686}
	EndGlobalSection
EndGlobal
