
Microsoft Visual Studio Solution File, Format Version 12.00
# Visual Studio Version 17
VisualStudioVersion = 17.7.34031.279
MinimumVisualStudioVersion = 10.0.40219.1
Project("{FAE04EC0-301F-11D3-BF4B-00C04F79EFBC}") = "Mes", "Mes.csproj", "{84744E4D-007B-44CC-A6F9-79B2C4AAA573}"
EndProject
Global
	GlobalSection(SolutionConfigurationPlatforms) = preSolution
		Debug|Any CPU = Debug|Any CPU
		Release|Any CPU = Release|Any CPU
	EndGlobalSection
	GlobalSection(ProjectConfigurationPlatforms) = postSolution
		{84744E4D-007B-44CC-A6F9-79B2C4AAA573}.Debug|Any CPU.ActiveCfg = Debug|Any CPU
		{84744E4D-007B-44CC-A6F9-79B2C4AAA573}.Debug|Any CPU.Build.0 = Debug|Any CPU
		{84744E4D-007B-44CC-A6F9-79B2C4AAA573}.Release|Any CPU.ActiveCfg = Release|Any CPU
		{84744E4D-007B-44CC-A6F9-79B2C4AAA573}.Release|Any CPU.Build.0 = Release|Any CPU
	EndGlobalSection
	GlobalSection(SolutionProperties) = preSolution
		HideSolutionNode = FALSE
	EndGlobalSection
	GlobalSection(ExtensibilityGlobals) = postSolution
		SolutionGuid = {F622D8A3-D7CA-41EC-80FD-1E55952A0D7C}
	EndGlobalSection
EndGlobal
