
Microsoft Visual Studio Solution File, Format Version 12.00
# Visual Studio Version 17
VisualStudioVersion = 17.7.34024.191
MinimumVisualStudioVersion = 10.0.40219.1
Project("{FAE04EC0-301F-11D3-BF4B-00C04F79EFBC}") = "DistanciaEntreDoisPontos", "DistanciaEntreDoisPontos.csproj", "{CA88F596-5F9B-491D-B226-3F5AACDC4E2C}"
EndProject
Global
	GlobalSection(SolutionConfigurationPlatforms) = preSolution
		Debug|Any CPU = Debug|Any CPU
		Release|Any CPU = Release|Any CPU
	EndGlobalSection
	GlobalSection(ProjectConfigurationPlatforms) = postSolution
		{CA88F596-5F9B-491D-B226-3F5AACDC4E2C}.Debug|Any CPU.ActiveCfg = Debug|Any CPU
		{CA88F596-5F9B-491D-B226-3F5AACDC4E2C}.Debug|Any CPU.Build.0 = Debug|Any CPU
		{CA88F596-5F9B-491D-B226-3F5AACDC4E2C}.Release|Any CPU.ActiveCfg = Release|Any CPU
		{CA88F596-5F9B-491D-B226-3F5AACDC4E2C}.Release|Any CPU.Build.0 = Release|Any CPU
	EndGlobalSection
	GlobalSection(SolutionProperties) = preSolution
		HideSolutionNode = FALSE
	EndGlobalSection
	GlobalSection(ExtensibilityGlobals) = postSolution
		SolutionGuid = {DE2361B8-807E-43CE-B9EC-84EC2BE79E7B}
	EndGlobalSection
EndGlobal
