
Microsoft Visual Studio Solution File, Format Version 12.00
# Visual Studio Version 17
VisualStudioVersion = 17.7.34031.279
MinimumVisualStudioVersion = 10.0.40219.1
Project("{FAE04EC0-301F-11D3-BF4B-00C04F79EFBC}") = "ParOuImpar", "ParOuImpar.csproj", "{ACD8860A-C0BC-4F2A-945C-A76E2514D601}"
EndProject
Global
	GlobalSection(SolutionConfigurationPlatforms) = preSolution
		Debug|Any CPU = Debug|Any CPU
		Release|Any CPU = Release|Any CPU
	EndGlobalSection
	GlobalSection(ProjectConfigurationPlatforms) = postSolution
		{ACD8860A-C0BC-4F2A-945C-A76E2514D601}.Debug|Any CPU.ActiveCfg = Debug|Any CPU
		{ACD8860A-C0BC-4F2A-945C-A76E2514D601}.Debug|Any CPU.Build.0 = Debug|Any CPU
		{ACD8860A-C0BC-4F2A-945C-A76E2514D601}.Release|Any CPU.ActiveCfg = Release|Any CPU
		{ACD8860A-C0BC-4F2A-945C-A76E2514D601}.Release|Any CPU.Build.0 = Release|Any CPU
	EndGlobalSection
	GlobalSection(SolutionProperties) = preSolution
		HideSolutionNode = FALSE
	EndGlobalSection
	GlobalSection(ExtensibilityGlobals) = postSolution
		SolutionGuid = {9912CFAE-9C90-4655-927B-515E0F96C8CB}
	EndGlobalSection
EndGlobal
