
Microsoft Visual Studio Solution File, Format Version 12.00
# Visual Studio Version 17
VisualStudioVersion = 17.7.34031.279
MinimumVisualStudioVersion = 10.0.40219.1
Project("{FAE04EC0-301F-11D3-BF4B-00C04F79EFBC}") = "SequenciaIJ2", "SequenciaIJ2.csproj", "{5B12AB5D-476A-4001-BF29-F45AEA0B0659}"
EndProject
Global
	GlobalSection(SolutionConfigurationPlatforms) = preSolution
		Debug|Any CPU = Debug|Any CPU
		Release|Any CPU = Release|Any CPU
	EndGlobalSection
	GlobalSection(ProjectConfigurationPlatforms) = postSolution
		{5B12AB5D-476A-4001-BF29-F45AEA0B0659}.Debug|Any CPU.ActiveCfg = Debug|Any CPU
		{5B12AB5D-476A-4001-BF29-F45AEA0B0659}.Debug|Any CPU.Build.0 = Debug|Any CPU
		{5B12AB5D-476A-4001-BF29-F45AEA0B0659}.Release|Any CPU.ActiveCfg = Release|Any CPU
		{5B12AB5D-476A-4001-BF29-F45AEA0B0659}.Release|Any CPU.Build.0 = Release|Any CPU
	EndGlobalSection
	GlobalSection(SolutionProperties) = preSolution
		HideSolutionNode = FALSE
	EndGlobalSection
	GlobalSection(ExtensibilityGlobals) = postSolution
		SolutionGuid = {3EEED117-627D-406D-B2D3-FA3E66E08DFB}
	EndGlobalSection
EndGlobal
