
Microsoft Visual Studio Solution File, Format Version 12.00
# Visual Studio Version 17
VisualStudioVersion = 17.7.34031.279
MinimumVisualStudioVersion = 10.0.40219.1
Project("{FAE04EC0-301F-11D3-BF4B-00C04F79EFBC}") = "MaiorElemento", "MaiorElemento.csproj", "{95FCD40E-FDC6-4D67-953E-BD445773C34A}"
EndProject
Global
	GlobalSection(SolutionConfigurationPlatforms) = preSolution
		Debug|Any CPU = Debug|Any CPU
		Release|Any CPU = Release|Any CPU
	EndGlobalSection
	GlobalSection(ProjectConfigurationPlatforms) = postSolution
		{95FCD40E-FDC6-4D67-953E-BD445773C34A}.Debug|Any CPU.ActiveCfg = Debug|Any CPU
		{95FCD40E-FDC6-4D67-953E-BD445773C34A}.Debug|Any CPU.Build.0 = Debug|Any CPU
		{95FCD40E-FDC6-4D67-953E-BD445773C34A}.Release|Any CPU.ActiveCfg = Release|Any CPU
		{95FCD40E-FDC6-4D67-953E-BD445773C34A}.Release|Any CPU.Build.0 = Release|Any CPU
	EndGlobalSection
	GlobalSection(SolutionProperties) = preSolution
		HideSolutionNode = FALSE
	EndGlobalSection
	GlobalSection(ExtensibilityGlobals) = postSolution
		SolutionGuid = {CEFE0B52-9C77-48F2-96C5-1382B26EF636}
	EndGlobalSection
EndGlobal
