
Microsoft Visual Studio Solution File, Format Version 12.00
# Visual Studio Version 17
VisualStudioVersion = 17.7.34031.279
MinimumVisualStudioVersion = 10.0.40219.1
Project("{FAE04EC0-301F-11D3-BF4B-00C04F79EFBC}") = "Quadrante", "Quadrante.csproj", "{EFE9D938-2FD2-42C6-8816-1E72DFDE7871}"
EndProject
Global
	GlobalSection(SolutionConfigurationPlatforms) = preSolution
		Debug|Any CPU = Debug|Any CPU
		Release|Any CPU = Release|Any CPU
	EndGlobalSection
	GlobalSection(ProjectConfigurationPlatforms) = postSolution
		{EFE9D938-2FD2-42C6-8816-1E72DFDE7871}.Debug|Any CPU.ActiveCfg = Debug|Any CPU
		{EFE9D938-2FD2-42C6-8816-1E72DFDE7871}.Debug|Any CPU.Build.0 = Debug|Any CPU
		{EFE9D938-2FD2-42C6-8816-1E72DFDE7871}.Release|Any CPU.ActiveCfg = Release|Any CPU
		{EFE9D938-2FD2-42C6-8816-1E72DFDE7871}.Release|Any CPU.Build.0 = Release|Any CPU
	EndGlobalSection
	GlobalSection(SolutionProperties) = preSolution
		HideSolutionNode = FALSE
	EndGlobalSection
	GlobalSection(ExtensibilityGlobals) = postSolution
		SolutionGuid = {3B946227-C7EF-4276-A8AE-5C06D255A3D6}
	EndGlobalSection
EndGlobal
