
Microsoft Visual Studio Solution File, Format Version 12.00
# Visual Studio Version 17
VisualStudioVersion = 17.7.34031.279
MinimumVisualStudioVersion = 10.0.40219.1
Project("{FAE04EC0-301F-11D3-BF4B-00C04F79EFBC}") = "Experiencias", "Experiencias.csproj", "{BFE21F98-23A3-4DCC-8019-C2B2A5A16BE9}"
EndProject
Global
	GlobalSection(SolutionConfigurationPlatforms) = preSolution
		Debug|Any CPU = Debug|Any CPU
		Release|Any CPU = Release|Any CPU
	EndGlobalSection
	GlobalSection(ProjectConfigurationPlatforms) = postSolution
		{BFE21F98-23A3-4DCC-8019-C2B2A5A16BE9}.Debug|Any CPU.ActiveCfg = Debug|Any CPU
		{BFE21F98-23A3-4DCC-8019-C2B2A5A16BE9}.Debug|Any CPU.Build.0 = Debug|Any CPU
		{BFE21F98-23A3-4DCC-8019-C2B2A5A16BE9}.Release|Any CPU.ActiveCfg = Release|Any CPU
		{BFE21F98-23A3-4DCC-8019-C2B2A5A16BE9}.Release|Any CPU.Build.0 = Release|Any CPU
	EndGlobalSection
	GlobalSection(SolutionProperties) = preSolution
		HideSolutionNode = FALSE
	EndGlobalSection
	GlobalSection(ExtensibilityGlobals) = postSolution
		SolutionGuid = {F1B74E75-882A-4A25-BC10-1951AF17ECA9}
	EndGlobalSection
EndGlobal
