
Microsoft Visual Studio Solution File, Format Version 12.00
# Visual Studio Version 17
VisualStudioVersion = 17.7.34031.279
MinimumVisualStudioVersion = 10.0.40219.1
Project("{FAE04EC0-301F-11D3-BF4B-00C04F79EFBC}") = "VariasNotasComValidacao", "VariasNotasComValidacao.csproj", "{0A1833A4-686B-4CC2-8A70-182FEC59D53E}"
EndProject
Global
	GlobalSection(SolutionConfigurationPlatforms) = preSolution
		Debug|Any CPU = Debug|Any CPU
		Release|Any CPU = Release|Any CPU
	EndGlobalSection
	GlobalSection(ProjectConfigurationPlatforms) = postSolution
		{0A1833A4-686B-4CC2-8A70-182FEC59D53E}.Debug|Any CPU.ActiveCfg = Debug|Any CPU
		{0A1833A4-686B-4CC2-8A70-182FEC59D53E}.Debug|Any CPU.Build.0 = Debug|Any CPU
		{0A1833A4-686B-4CC2-8A70-182FEC59D53E}.Release|Any CPU.ActiveCfg = Release|Any CPU
		{0A1833A4-686B-4CC2-8A70-182FEC59D53E}.Release|Any CPU.Build.0 = Release|Any CPU
	EndGlobalSection
	GlobalSection(SolutionProperties) = preSolution
		HideSolutionNode = FALSE
	EndGlobalSection
	GlobalSection(ExtensibilityGlobals) = postSolution
		SolutionGuid = {483E217D-D556-42AB-977B-393826CC58E1}
	EndGlobalSection
EndGlobal
